
Microsoft Visual Studio Solution File, Format Version 12.00
# Visual Studio Version 17
VisualStudioVersion = 17.2.32630.192
MinimumVisualStudioVersion = 10.0.40219.1
Project("{2150E333-8FDC-42A3-9474-1A3956D46DE8}") = "Libs", "Libs", "{9D4D45C7-05DE-4DD0-8E47-DD6BCEAFDCA7}"
EndProject
Project("{2150E333-8FDC-42A3-9474-1A3956D46DE8}") = "Tools", "Tools", "{03D953CC-63A4-4C08-86CE-B69560F6B376}"
EndProject
Project("{2150E333-8FDC-42A3-9474-1A3956D46DE8}") = "VSExtension", "VSExtension", "{5177C361-6721-4C09-B2B3-0457EC6B2974}"
EndProject
Project("{FAE04EC0-301F-11D3-BF4B-00C04F79EFBC}") = "VSmicro.Datatypes", "Libs\VSmicro.Datatypes\VSmicro.Datatypes.csproj", "{CACAC009-635E-4454-8127-6054DBB5D902}"
EndProject
Global
	GlobalSection(SolutionConfigurationPlatforms) = preSolution
		Debug|Any CPU = Debug|Any CPU
		Release|Any CPU = Release|Any CPU
	EndGlobalSection
	GlobalSection(ProjectConfigurationPlatforms) = postSolution
		{CACAC009-635E-4454-8127-6054DBB5D902}.Debug|Any CPU.ActiveCfg = Debug|Any CPU
		{CACAC009-635E-4454-8127-6054DBB5D902}.Debug|Any CPU.Build.0 = Debug|Any CPU
		{CACAC009-635E-4454-8127-6054DBB5D902}.Release|Any CPU.ActiveCfg = Release|Any CPU
		{CACAC009-635E-4454-8127-6054DBB5D902}.Release|Any CPU.Build.0 = Release|Any CPU
	EndGlobalSection
	GlobalSection(SolutionProperties) = preSolution
		HideSolutionNode = FALSE
	EndGlobalSection
	GlobalSection(NestedProjects) = preSolution
		{CACAC009-635E-4454-8127-6054DBB5D902} = {9D4D45C7-05DE-4DD0-8E47-DD6BCEAFDCA7}
	EndGlobalSection
	GlobalSection(ExtensibilityGlobals) = postSolution
		SolutionGuid = {8399E76F-596B-4E0E-8834-11A225A322AB}
	EndGlobalSection
EndGlobal
