
Microsoft Visual Studio Solution File, Format Version 12.00
# Visual Studio Version 17
VisualStudioVersion = 17.2.32630.192
MinimumVisualStudioVersion = 10.0.40219.1
Project("{2150E333-8FDC-42A3-9474-1A3956D46DE8}") = "Libs", "Libs", "{9D4D45C7-05DE-4DD0-8E47-DD6BCEAFDCA7}"
EndProject
Project("{2150E333-8FDC-42A3-9474-1A3956D46DE8}") = "Tools", "Tools", "{03D953CC-63A4-4C08-86CE-B69560F6B376}"
EndProject
Project("{2150E333-8FDC-42A3-9474-1A3956D46DE8}") = "VSExtension", "VSExtension", "{5177C361-6721-4C09-B2B3-0457EC6B2974}"
EndProject
Project("{FAE04EC0-301F-11D3-BF4B-00C04F79EFBC}") = "VSmicro.Datatypes", "Libs\VSmicro.Datatypes\VSmicro.Datatypes.csproj", "{CACAC009-635E-4454-8127-6054DBB5D902}"
EndProject
Project("{FAE04EC0-301F-11D3-BF4B-00C04F79EFBC}") = "VSmicro.FileIO", "Libs\VSmicro.FileIO\VSmicro.FileIO.csproj", "{161C0F22-4039-4E87-84DC-C407605A333C}"
EndProject
Project("{FAE04EC0-301F-11D3-BF4B-00C04F79EFBC}") = "VSmicro.Console", "Tools\VSmicro.Console\VSmicro.Console.csproj", "{FEAAC8C0-F269-4C20-A93A-C45BDDA060D8}"
EndProject
Project("{FAE04EC0-301F-11D3-BF4B-00C04F79EFBC}") = "VSmicro.Processes", "Libs\VSmicro.Processes\VSmicro.Processes.csproj", "{2AFF2D0B-687C-49E0-B62F-CB285E49BE53}"
EndProject
Project("{FAE04EC0-301F-11D3-BF4B-00C04F79EFBC}") = "VSmicro.UWP", "Tools\VSmicro.UWP\VSmicro.UWP.csproj", "{EBFACCC8-214C-4A7B-BEB3-5EFD7D034670}"
EndProject
Global
	GlobalSection(SolutionConfigurationPlatforms) = preSolution
		Debug|Any CPU = Debug|Any CPU
		Debug|ARM = Debug|ARM
		Debug|ARM64 = Debug|ARM64
		Debug|x64 = Debug|x64
		Debug|x86 = Debug|x86
		Release|Any CPU = Release|Any CPU
		Release|ARM = Release|ARM
		Release|ARM64 = Release|ARM64
		Release|x64 = Release|x64
		Release|x86 = Release|x86
	EndGlobalSection
	GlobalSection(ProjectConfigurationPlatforms) = postSolution
		{CACAC009-635E-4454-8127-6054DBB5D902}.Debug|Any CPU.ActiveCfg = Debug|Any CPU
		{CACAC009-635E-4454-8127-6054DBB5D902}.Debug|Any CPU.Build.0 = Debug|Any CPU
		{CACAC009-635E-4454-8127-6054DBB5D902}.Debug|ARM.ActiveCfg = Debug|Any CPU
		{CACAC009-635E-4454-8127-6054DBB5D902}.Debug|ARM.Build.0 = Debug|Any CPU
		{CACAC009-635E-4454-8127-6054DBB5D902}.Debug|ARM64.ActiveCfg = Debug|Any CPU
		{CACAC009-635E-4454-8127-6054DBB5D902}.Debug|ARM64.Build.0 = Debug|Any CPU
		{CACAC009-635E-4454-8127-6054DBB5D902}.Debug|x64.ActiveCfg = Debug|Any CPU
		{CACAC009-635E-4454-8127-6054DBB5D902}.Debug|x64.Build.0 = Debug|Any CPU
		{CACAC009-635E-4454-8127-6054DBB5D902}.Debug|x86.ActiveCfg = Debug|Any CPU
		{CACAC009-635E-4454-8127-6054DBB5D902}.Debug|x86.Build.0 = Debug|Any CPU
		{CACAC009-635E-4454-8127-6054DBB5D902}.Release|Any CPU.ActiveCfg = Release|Any CPU
		{CACAC009-635E-4454-8127-6054DBB5D902}.Release|Any CPU.Build.0 = Release|Any CPU
		{CACAC009-635E-4454-8127-6054DBB5D902}.Release|ARM.ActiveCfg = Release|Any CPU
		{CACAC009-635E-4454-8127-6054DBB5D902}.Release|ARM.Build.0 = Release|Any CPU
		{CACAC009-635E-4454-8127-6054DBB5D902}.Release|ARM64.ActiveCfg = Release|Any CPU
		{CACAC009-635E-4454-8127-6054DBB5D902}.Release|ARM64.Build.0 = Release|Any CPU
		{CACAC009-635E-4454-8127-6054DBB5D902}.Release|x64.ActiveCfg = Release|Any CPU
		{CACAC009-635E-4454-8127-6054DBB5D902}.Release|x64.Build.0 = Release|Any CPU
		{CACAC009-635E-4454-8127-6054DBB5D902}.Release|x86.ActiveCfg = Release|Any CPU
		{CACAC009-635E-4454-8127-6054DBB5D902}.Release|x86.Build.0 = Release|Any CPU
		{161C0F22-4039-4E87-84DC-C407605A333C}.Debug|Any CPU.ActiveCfg = Debug|Any CPU
		{161C0F22-4039-4E87-84DC-C407605A333C}.Debug|Any CPU.Build.0 = Debug|Any CPU
		{161C0F22-4039-4E87-84DC-C407605A333C}.Debug|ARM.ActiveCfg = Debug|Any CPU
		{161C0F22-4039-4E87-84DC-C407605A333C}.Debug|ARM.Build.0 = Debug|Any CPU
		{161C0F22-4039-4E87-84DC-C407605A333C}.Debug|ARM64.ActiveCfg = Debug|Any CPU
		{161C0F22-4039-4E87-84DC-C407605A333C}.Debug|ARM64.Build.0 = Debug|Any CPU
		{161C0F22-4039-4E87-84DC-C407605A333C}.Debug|x64.ActiveCfg = Debug|Any CPU
		{161C0F22-4039-4E87-84DC-C407605A333C}.Debug|x64.Build.0 = Debug|Any CPU
		{161C0F22-4039-4E87-84DC-C407605A333C}.Debug|x86.ActiveCfg = Debug|Any CPU
		{161C0F22-4039-4E87-84DC-C407605A333C}.Debug|x86.Build.0 = Debug|Any CPU
		{161C0F22-4039-4E87-84DC-C407605A333C}.Release|Any CPU.ActiveCfg = Release|Any CPU
		{161C0F22-4039-4E87-84DC-C407605A333C}.Release|Any CPU.Build.0 = Release|Any CPU
		{161C0F22-4039-4E87-84DC-C407605A333C}.Release|ARM.ActiveCfg = Release|Any CPU
		{161C0F22-4039-4E87-84DC-C407605A333C}.Release|ARM.Build.0 = Release|Any CPU
		{161C0F22-4039-4E87-84DC-C407605A333C}.Release|ARM64.ActiveCfg = Release|Any CPU
		{161C0F22-4039-4E87-84DC-C407605A333C}.Release|ARM64.Build.0 = Release|Any CPU
		{161C0F22-4039-4E87-84DC-C407605A333C}.Release|x64.ActiveCfg = Release|Any CPU
		{161C0F22-4039-4E87-84DC-C407605A333C}.Release|x64.Build.0 = Release|Any CPU
		{161C0F22-4039-4E87-84DC-C407605A333C}.Release|x86.ActiveCfg = Release|Any CPU
		{161C0F22-4039-4E87-84DC-C407605A333C}.Release|x86.Build.0 = Release|Any CPU
		{FEAAC8C0-F269-4C20-A93A-C45BDDA060D8}.Debug|Any CPU.ActiveCfg = Debug|Any CPU
		{FEAAC8C0-F269-4C20-A93A-C45BDDA060D8}.Debug|Any CPU.Build.0 = Debug|Any CPU
		{FEAAC8C0-F269-4C20-A93A-C45BDDA060D8}.Debug|ARM.ActiveCfg = Debug|Any CPU
		{FEAAC8C0-F269-4C20-A93A-C45BDDA060D8}.Debug|ARM.Build.0 = Debug|Any CPU
		{FEAAC8C0-F269-4C20-A93A-C45BDDA060D8}.Debug|ARM64.ActiveCfg = Debug|Any CPU
		{FEAAC8C0-F269-4C20-A93A-C45BDDA060D8}.Debug|ARM64.Build.0 = Debug|Any CPU
		{FEAAC8C0-F269-4C20-A93A-C45BDDA060D8}.Debug|x64.ActiveCfg = Debug|Any CPU
		{FEAAC8C0-F269-4C20-A93A-C45BDDA060D8}.Debug|x64.Build.0 = Debug|Any CPU
		{FEAAC8C0-F269-4C20-A93A-C45BDDA060D8}.Debug|x86.ActiveCfg = Debug|Any CPU
		{FEAAC8C0-F269-4C20-A93A-C45BDDA060D8}.Debug|x86.Build.0 = Debug|Any CPU
		{FEAAC8C0-F269-4C20-A93A-C45BDDA060D8}.Release|Any CPU.ActiveCfg = Release|Any CPU
		{FEAAC8C0-F269-4C20-A93A-C45BDDA060D8}.Release|Any CPU.Build.0 = Release|Any CPU
		{FEAAC8C0-F269-4C20-A93A-C45BDDA060D8}.Release|ARM.ActiveCfg = Release|Any CPU
		{FEAAC8C0-F269-4C20-A93A-C45BDDA060D8}.Release|ARM.Build.0 = Release|Any CPU
		{FEAAC8C0-F269-4C20-A93A-C45BDDA060D8}.Release|ARM64.ActiveCfg = Release|Any CPU
		{FEAAC8C0-F269-4C20-A93A-C45BDDA060D8}.Release|ARM64.Build.0 = Release|Any CPU
		{FEAAC8C0-F269-4C20-A93A-C45BDDA060D8}.Release|x64.ActiveCfg = Release|Any CPU
		{FEAAC8C0-F269-4C20-A93A-C45BDDA060D8}.Release|x64.Build.0 = Release|Any CPU
		{FEAAC8C0-F269-4C20-A93A-C45BDDA060D8}.Release|x86.ActiveCfg = Release|Any CPU
		{FEAAC8C0-F269-4C20-A93A-C45BDDA060D8}.Release|x86.Build.0 = Release|Any CPU
		{2AFF2D0B-687C-49E0-B62F-CB285E49BE53}.Debug|Any CPU.ActiveCfg = Debug|Any CPU
		{2AFF2D0B-687C-49E0-B62F-CB285E49BE53}.Debug|Any CPU.Build.0 = Debug|Any CPU
		{2AFF2D0B-687C-49E0-B62F-CB285E49BE53}.Debug|ARM.ActiveCfg = Debug|Any CPU
		{2AFF2D0B-687C-49E0-B62F-CB285E49BE53}.Debug|ARM.Build.0 = Debug|Any CPU
		{2AFF2D0B-687C-49E0-B62F-CB285E49BE53}.Debug|ARM64.ActiveCfg = Debug|Any CPU
		{2AFF2D0B-687C-49E0-B62F-CB285E49BE53}.Debug|ARM64.Build.0 = Debug|Any CPU
		{2AFF2D0B-687C-49E0-B62F-CB285E49BE53}.Debug|x64.ActiveCfg = Debug|Any CPU
		{2AFF2D0B-687C-49E0-B62F-CB285E49BE53}.Debug|x64.Build.0 = Debug|Any CPU
		{2AFF2D0B-687C-49E0-B62F-CB285E49BE53}.Debug|x86.ActiveCfg = Debug|Any CPU
		{2AFF2D0B-687C-49E0-B62F-CB285E49BE53}.Debug|x86.Build.0 = Debug|Any CPU
		{2AFF2D0B-687C-49E0-B62F-CB285E49BE53}.Release|Any CPU.ActiveCfg = Release|Any CPU
		{2AFF2D0B-687C-49E0-B62F-CB285E49BE53}.Release|Any CPU.Build.0 = Release|Any CPU
		{2AFF2D0B-687C-49E0-B62F-CB285E49BE53}.Release|ARM.ActiveCfg = Release|Any CPU
		{2AFF2D0B-687C-49E0-B62F-CB285E49BE53}.Release|ARM.Build.0 = Release|Any CPU
		{2AFF2D0B-687C-49E0-B62F-CB285E49BE53}.Release|ARM64.ActiveCfg = Release|Any CPU
		{2AFF2D0B-687C-49E0-B62F-CB285E49BE53}.Release|ARM64.Build.0 = Release|Any CPU
		{2AFF2D0B-687C-49E0-B62F-CB285E49BE53}.Release|x64.ActiveCfg = Release|Any CPU
		{2AFF2D0B-687C-49E0-B62F-CB285E49BE53}.Release|x64.Build.0 = Release|Any CPU
		{2AFF2D0B-687C-49E0-B62F-CB285E49BE53}.Release|x86.ActiveCfg = Release|Any CPU
		{2AFF2D0B-687C-49E0-B62F-CB285E49BE53}.Release|x86.Build.0 = Release|Any CPU
		{EBFACCC8-214C-4A7B-BEB3-5EFD7D034670}.Debug|Any CPU.ActiveCfg = Debug|x64
		{EBFACCC8-214C-4A7B-BEB3-5EFD7D034670}.Debug|Any CPU.Build.0 = Debug|x64
		{EBFACCC8-214C-4A7B-BEB3-5EFD7D034670}.Debug|Any CPU.Deploy.0 = Debug|x64
		{EBFACCC8-214C-4A7B-BEB3-5EFD7D034670}.Debug|ARM.ActiveCfg = Debug|ARM
		{EBFACCC8-214C-4A7B-BEB3-5EFD7D034670}.Debug|ARM.Build.0 = Debug|ARM
		{EBFACCC8-214C-4A7B-BEB3-5EFD7D034670}.Debug|ARM.Deploy.0 = Debug|ARM
		{EBFACCC8-214C-4A7B-BEB3-5EFD7D034670}.Debug|ARM64.ActiveCfg = Debug|ARM64
		{EBFACCC8-214C-4A7B-BEB3-5EFD7D034670}.Debug|ARM64.Build.0 = Debug|ARM64
		{EBFACCC8-214C-4A7B-BEB3-5EFD7D034670}.Debug|ARM64.Deploy.0 = Debug|ARM64
		{EBFACCC8-214C-4A7B-BEB3-5EFD7D034670}.Debug|x64.ActiveCfg = Debug|x64
		{EBFACCC8-214C-4A7B-BEB3-5EFD7D034670}.Debug|x64.Build.0 = Debug|x64
		{EBFACCC8-214C-4A7B-BEB3-5EFD7D034670}.Debug|x64.Deploy.0 = Debug|x64
		{EBFACCC8-214C-4A7B-BEB3-5EFD7D034670}.Debug|x86.ActiveCfg = Debug|x86
		{EBFACCC8-214C-4A7B-BEB3-5EFD7D034670}.Debug|x86.Build.0 = Debug|x86
		{EBFACCC8-214C-4A7B-BEB3-5EFD7D034670}.Debug|x86.Deploy.0 = Debug|x86
		{EBFACCC8-214C-4A7B-BEB3-5EFD7D034670}.Release|Any CPU.ActiveCfg = Release|x64
		{EBFACCC8-214C-4A7B-BEB3-5EFD7D034670}.Release|Any CPU.Build.0 = Release|x64
		{EBFACCC8-214C-4A7B-BEB3-5EFD7D034670}.Release|Any CPU.Deploy.0 = Release|x64
		{EBFACCC8-214C-4A7B-BEB3-5EFD7D034670}.Release|ARM.ActiveCfg = Release|ARM
		{EBFACCC8-214C-4A7B-BEB3-5EFD7D034670}.Release|ARM.Build.0 = Release|ARM
		{EBFACCC8-214C-4A7B-BEB3-5EFD7D034670}.Release|ARM.Deploy.0 = Release|ARM
		{EBFACCC8-214C-4A7B-BEB3-5EFD7D034670}.Release|ARM64.ActiveCfg = Release|ARM64
		{EBFACCC8-214C-4A7B-BEB3-5EFD7D034670}.Release|ARM64.Build.0 = Release|ARM64
		{EBFACCC8-214C-4A7B-BEB3-5EFD7D034670}.Release|ARM64.Deploy.0 = Release|ARM64
		{EBFACCC8-214C-4A7B-BEB3-5EFD7D034670}.Release|x64.ActiveCfg = Release|x64
		{EBFACCC8-214C-4A7B-BEB3-5EFD7D034670}.Release|x64.Build.0 = Release|x64
		{EBFACCC8-214C-4A7B-BEB3-5EFD7D034670}.Release|x64.Deploy.0 = Release|x64
		{EBFACCC8-214C-4A7B-BEB3-5EFD7D034670}.Release|x86.ActiveCfg = Release|x86
		{EBFACCC8-214C-4A7B-BEB3-5EFD7D034670}.Release|x86.Build.0 = Release|x86
		{EBFACCC8-214C-4A7B-BEB3-5EFD7D034670}.Release|x86.Deploy.0 = Release|x86
	EndGlobalSection
	GlobalSection(SolutionProperties) = preSolution
		HideSolutionNode = FALSE
	EndGlobalSection
	GlobalSection(NestedProjects) = preSolution
		{CACAC009-635E-4454-8127-6054DBB5D902} = {9D4D45C7-05DE-4DD0-8E47-DD6BCEAFDCA7}
		{161C0F22-4039-4E87-84DC-C407605A333C} = {9D4D45C7-05DE-4DD0-8E47-DD6BCEAFDCA7}
		{FEAAC8C0-F269-4C20-A93A-C45BDDA060D8} = {03D953CC-63A4-4C08-86CE-B69560F6B376}
		{2AFF2D0B-687C-49E0-B62F-CB285E49BE53} = {9D4D45C7-05DE-4DD0-8E47-DD6BCEAFDCA7}
		{EBFACCC8-214C-4A7B-BEB3-5EFD7D034670} = {03D953CC-63A4-4C08-86CE-B69560F6B376}
	EndGlobalSection
	GlobalSection(ExtensibilityGlobals) = postSolution
		SolutionGuid = {8399E76F-596B-4E0E-8834-11A225A322AB}
	EndGlobalSection
EndGlobal
